{
	"name": "webcamjs",
	"version": "1.0.25",
	"lockfileVersion": 3,
	"requires": true,
	"packages": {
		"": {
			"name": "webcamjs",
			"version": "1.0.25",
			"license": "MIT",
			"dependencies": {
				"webcamjs": "file:"
			}
		},
		"node_modules/webcamjs": {
			"resolved": "",
			"link": true
		}
	}
}
