{
  "name": "amcharts3-responsive",
  "version": "1.0.5",
  "lockfileVersion": 3,
  "requires": true,
  "packages": {
    "": {
      "name": "amcharts3-responsive",
      "version": "1.0.5",
      "license": "SEE LICENSE IN LICENSE",
      "dependencies": {
        "amcharts3-responsive": "file:"
      }
    },
    "node_modules/amcharts3-responsive": {
      "resolved": "",
      "link": true
    }
  }
}
