{
  "name": "amcharts3-export",
  "version": "1.4.73",
  "lockfileVersion": 3,
  "requires": true,
  "packages": {
    "": {
      "name": "amcharts3-export",
      "version": "1.4.73",
      "license": "SEE LICENSE IN LICENSE",
      "dependencies": {
        "amcharts3-export": "file:"
      }
    },
    "node_modules/amcharts3-export": {
      "resolved": "",
      "link": true
    }
  }
}
