{
  "name": "amcharts3-animate",
  "version": "1.1.2",
  "lockfileVersion": 3,
  "requires": true,
  "packages": {
    "": {
      "name": "amcharts3-animate",
      "version": "1.1.2",
      "license": "SEE LICENSE IN LICENSE",
      "dependencies": {
        "amcharts3-animate": "file:"
      }
    },
    "node_modules/amcharts3-animate": {
      "resolved": "",
      "link": true
    }
  }
}
