{
  "name": "amcharts3-dataloader",
  "version": "1.0.19",
  "lockfileVersion": 3,
  "requires": true,
  "packages": {
    "": {
      "name": "amcharts3-dataloader",
      "version": "1.0.19",
      "license": "SEE LICENSE IN LICENSE",
      "dependencies": {
        "amcharts3-dataloader": "file:"
      }
    },
    "node_modules/amcharts3-dataloader": {
      "resolved": "",
      "link": true
    }
  }
}
